
Microsoft Visual Studio Solution File, Format Version 12.00
# Visual Studio Version 17
VisualStudioVersion = 17.5.33530.505
MinimumVisualStudioVersion = 10.0.40219.1
Project("{9A19103F-16F7-4668-BE54-9A1E7A4F7556}") = "IIS-Manager.Web", "IIS-Manager.Web\IIS-Manager.Web.csproj", "{5CE733EE-7FE8-4CD5-A40B-E171F881F8BD}"
EndProject
Project("{9A19103F-16F7-4668-BE54-9A1E7A4F7556}") = "IIS-Manager.Utility", "IIS-Manager.Utility\IIS-Manager.Utility.csproj", "{43CFDE2A-5F20-4066-9DED-4B4632289D0F}"
EndProject
Project("{9A19103F-16F7-4668-BE54-9A1E7A4F7556}") = "IIS-Manager.DataAccess", "IIS-Manager.DataAccess\IIS-Manager.DataAccess.csproj", "{4527A968-2009-47C5-A787-190889BD389E}"
EndProject
Project("{9A19103F-16F7-4668-BE54-9A1E7A4F7556}") = "IIS-Manager.Models", "IIS-Manager.Models\IIS-Manager.Models.csproj", "{67D2C84A-DA73-4D0B-A27D-39E503944C72}"
EndProject
Project("{9A19103F-16F7-4668-BE54-9A1E7A4F7556}") = "IIS-Manager.Controllers", "IIS-Manager.API\IIS-Manager.Controllers.csproj", "{23C73720-E33B-4420-9DEA-C572801A31E0}"
EndProject
Global
	GlobalSection(SolutionConfigurationPlatforms) = preSolution
		Debug|Any CPU = Debug|Any CPU
		Release|Any CPU = Release|Any CPU
	EndGlobalSection
	GlobalSection(ProjectConfigurationPlatforms) = postSolution
		{5CE733EE-7FE8-4CD5-A40B-E171F881F8BD}.Debug|Any CPU.ActiveCfg = Debug|Any CPU
		{5CE733EE-7FE8-4CD5-A40B-E171F881F8BD}.Debug|Any CPU.Build.0 = Debug|Any CPU
		{5CE733EE-7FE8-4CD5-A40B-E171F881F8BD}.Release|Any CPU.ActiveCfg = Release|Any CPU
		{5CE733EE-7FE8-4CD5-A40B-E171F881F8BD}.Release|Any CPU.Build.0 = Release|Any CPU
		{43CFDE2A-5F20-4066-9DED-4B4632289D0F}.Debug|Any CPU.ActiveCfg = Debug|Any CPU
		{43CFDE2A-5F20-4066-9DED-4B4632289D0F}.Debug|Any CPU.Build.0 = Debug|Any CPU
		{43CFDE2A-5F20-4066-9DED-4B4632289D0F}.Release|Any CPU.ActiveCfg = Release|Any CPU
		{43CFDE2A-5F20-4066-9DED-4B4632289D0F}.Release|Any CPU.Build.0 = Release|Any CPU
		{4527A968-2009-47C5-A787-190889BD389E}.Debug|Any CPU.ActiveCfg = Debug|Any CPU
		{4527A968-2009-47C5-A787-190889BD389E}.Debug|Any CPU.Build.0 = Debug|Any CPU
		{4527A968-2009-47C5-A787-190889BD389E}.Release|Any CPU.ActiveCfg = Release|Any CPU
		{4527A968-2009-47C5-A787-190889BD389E}.Release|Any CPU.Build.0 = Release|Any CPU
		{67D2C84A-DA73-4D0B-A27D-39E503944C72}.Debug|Any CPU.ActiveCfg = Debug|Any CPU
		{67D2C84A-DA73-4D0B-A27D-39E503944C72}.Debug|Any CPU.Build.0 = Debug|Any CPU
		{67D2C84A-DA73-4D0B-A27D-39E503944C72}.Release|Any CPU.ActiveCfg = Release|Any CPU
		{67D2C84A-DA73-4D0B-A27D-39E503944C72}.Release|Any CPU.Build.0 = Release|Any CPU
		{23C73720-E33B-4420-9DEA-C572801A31E0}.Debug|Any CPU.ActiveCfg = Debug|Any CPU
		{23C73720-E33B-4420-9DEA-C572801A31E0}.Debug|Any CPU.Build.0 = Debug|Any CPU
		{23C73720-E33B-4420-9DEA-C572801A31E0}.Release|Any CPU.ActiveCfg = Release|Any CPU
		{23C73720-E33B-4420-9DEA-C572801A31E0}.Release|Any CPU.Build.0 = Release|Any CPU
	EndGlobalSection
	GlobalSection(SolutionProperties) = preSolution
		HideSolutionNode = FALSE
	EndGlobalSection
	GlobalSection(ExtensibilityGlobals) = postSolution
		SolutionGuid = {795A2B78-70EE-43B7-9E2B-0F87818B68DB}
	EndGlobalSection
EndGlobal
